// !$*UTF8*$!
{
	archiveVersion = 1;
	classes = {
	};
	objectVersion = 46;
	objects = {

/* Begin PBXBuildFile section */
		6B9BF4821F55C5980074FDC9 /* AppDelegate.swift in Sources */ = {isa = PBXBuildFile; fileRef = 6B9BF4811F55C5980074FDC9 /* AppDelegate.swift */; };
		6B9BF4841F55C5980074FDC9 /* ViewController.swift in Sources */ = {isa = PBXBuildFile; fileRef = 6B9BF4831F55C5980074FDC9 /* ViewController.swift */; };
		6B9BF4871F55C5980074FDC9 /* Main.storyboard in Resources */ = {isa = PBXBuildFile; fileRef = 6B9BF4851F55C5980074FDC9 /* Main.storyboard */; };
		6B9BF4891F55C5980074FDC9 /* Assets.xcassets in Resources */ = {isa = PBXBuildFile; fileRef = 6B9BF4881F55C5980074FDC9 /* Assets.xcassets */; };
		6B9BF48C1F55C5980074FDC9 /* LaunchScreen.storyboard in Resources */ = {isa = PBXBuildFile; fileRef = 6B9BF48A1F55C5980074FDC9 /* LaunchScreen.storyboard */; };
		6B9BF4951F55C5BA0074FDC9 /* CoreText.framework in Frameworks */ = {isa = PBXBuildFile; fileRef = 6B9BF4941F55C5BA0074FDC9 /* CoreText.framework */; };
		6B9BF4971F55C6650074FDC9 /* CTView.swift in Sources */ = {isa = PBXBuildFile; fileRef = 6B9BF4961F55C6650074FDC9 /* CTView.swift */; };
		6B9BF49D1F55C9360074FDC9 /* zombie1.jpg in Resources */ = {isa = PBXBuildFile; fileRef = 6B9BF4991F55C9360074FDC9 /* zombie1.jpg */; };
		6B9BF49E1F55C9360074FDC9 /* zombie2.jpg in Resources */ = {isa = PBXBuildFile; fileRef = 6B9BF49A1F55C9360074FDC9 /* zombie2.jpg */; };
		6B9BF49F1F55C9360074FDC9 /* zombie3.jpg in Resources */ = {isa = PBXBuildFile; fileRef = 6B9BF49B1F55C9360074FDC9 /* zombie3.jpg */; };
		6B9BF4A01F55C9360074FDC9 /* zombies.txt in Resources */ = {isa = PBXBuildFile; fileRef = 6B9BF49C1F55C9360074FDC9 /* zombies.txt */; };
		6B9BF4A21F55C9670074FDC9 /* MarkupParser.swift in Sources */ = {isa = PBXBuildFile; fileRef = 6B9BF4A11F55C9670074FDC9 /* MarkupParser.swift */; };
		6B9BF4A41F55D0AF0074FDC9 /* CTColumnView.swift in Sources */ = {isa = PBXBuildFile; fileRef = 6B9BF4A31F55D0AF0074FDC9 /* CTColumnView.swift */; };
		6B9BF4A61F55D1210074FDC9 /* CTSettings.swift in Sources */ = {isa = PBXBuildFile; fileRef = 6B9BF4A51F55D1210074FDC9 /* CTSettings.swift */; };
/* End PBXBuildFile section */

/* Begin PBXFileReference section */
		6B9BF47E1F55C5980074FDC9 /* CoreTextMagazine.app */ = {isa = PBXFileReference; explicitFileType = wrapper.application; includeInIndex = 0; path = CoreTextMagazine.app; sourceTree = BUILT_PRODUCTS_DIR; };
		6B9BF4811F55C5980074FDC9 /* AppDelegate.swift */ = {isa = PBXFileReference; lastKnownFileType = sourcecode.swift; path = AppDelegate.swift; sourceTree = "<group>"; };
		6B9BF4831F55C5980074FDC9 /* ViewController.swift */ = {isa = PBXFileReference; lastKnownFileType = sourcecode.swift; path = ViewController.swift; sourceTree = "<group>"; };
		6B9BF4861F55C5980074FDC9 /* Base */ = {isa = PBXFileReference; lastKnownFileType = file.storyboard; name = Base; path = Base.lproj/Main.storyboard; sourceTree = "<group>"; };
		6B9BF4881F55C5980074FDC9 /* Assets.xcassets */ = {isa = PBXFileReference; lastKnownFileType = folder.assetcatalog; path = Assets.xcassets; sourceTree = "<group>"; };
		6B9BF48B1F55C5980074FDC9 /* Base */ = {isa = PBXFileReference; lastKnownFileType = file.storyboard; name = Base; path = Base.lproj/LaunchScreen.storyboard; sourceTree = "<group>"; };
		6B9BF48D1F55C5980074FDC9 /* Info.plist */ = {isa = PBXFileReference; lastKnownFileType = text.plist.xml; path = Info.plist; sourceTree = "<group>"; };
		6B9BF4941F55C5BA0074FDC9 /* CoreText.framework */ = {isa = PBXFileReference; lastKnownFileType = wrapper.framework; name = CoreText.framework; path = System/Library/Frameworks/CoreText.framework; sourceTree = SDKROOT; };
		6B9BF4961F55C6650074FDC9 /* CTView.swift */ = {isa = PBXFileReference; fileEncoding = 4; lastKnownFileType = sourcecode.swift; path = CTView.swift; sourceTree = "<group>"; };
		6B9BF4991F55C9360074FDC9 /* zombie1.jpg */ = {isa = PBXFileReference; lastKnownFileType = image.jpeg; path = zombie1.jpg; sourceTree = "<group>"; };
		6B9BF49A1F55C9360074FDC9 /* zombie2.jpg */ = {isa = PBXFileReference; lastKnownFileType = image.jpeg; path = zombie2.jpg; sourceTree = "<group>"; };
		6B9BF49B1F55C9360074FDC9 /* zombie3.jpg */ = {isa = PBXFileReference; lastKnownFileType = image.jpeg; path = zombie3.jpg; sourceTree = "<group>"; };
		6B9BF49C1F55C9360074FDC9 /* zombies.txt */ = {isa = PBXFileReference; fileEncoding = 4; lastKnownFileType = text; path = zombies.txt; sourceTree = "<group>"; };
		6B9BF4A11F55C9670074FDC9 /* MarkupParser.swift */ = {isa = PBXFileReference; fileEncoding = 4; lastKnownFileType = sourcecode.swift; path = MarkupParser.swift; sourceTree = "<group>"; };
		6B9BF4A31F55D0AF0074FDC9 /* CTColumnView.swift */ = {isa = PBXFileReference; fileEncoding = 4; lastKnownFileType = sourcecode.swift; path = CTColumnView.swift; sourceTree = "<group>"; };
		6B9BF4A51F55D1210074FDC9 /* CTSettings.swift */ = {isa = PBXFileReference; fileEncoding = 4; lastKnownFileType = sourcecode.swift; path = CTSettings.swift; sourceTree = "<group>"; };
/* End PBXFileReference section */

/* Begin PBXFrameworksBuildPhase section */
		6B9BF47B1F55C5980074FDC9 /* Frameworks */ = {
			isa = PBXFrameworksBuildPhase;
			buildActionMask = 2147483647;
			files = (
				6B9BF4951F55C5BA0074FDC9 /* CoreText.framework in Frameworks */,
			);
			runOnlyForDeploymentPostprocessing = 0;
		};
/* End PBXFrameworksBuildPhase section */

/* Begin PBXGroup section */
		6B9BF4751F55C5980074FDC9 = {
			isa = PBXGroup;
			children = (
				6B9BF4981F55C9360074FDC9 /* zombieMagMaterials */,
				6B9BF4801F55C5980074FDC9 /* CoreTextMagazine */,
				6B9BF47F1F55C5980074FDC9 /* Products */,
				6B9BF4931F55C5BA0074FDC9 /* Frameworks */,
			);
			sourceTree = "<group>";
		};
		6B9BF47F1F55C5980074FDC9 /* Products */ = {
			isa = PBXGroup;
			children = (
				6B9BF47E1F55C5980074FDC9 /* CoreTextMagazine.app */,
			);
			name = Products;
			sourceTree = "<group>";
		};
		6B9BF4801F55C5980074FDC9 /* CoreTextMagazine */ = {
			isa = PBXGroup;
			children = (
				6B9BF4811F55C5980074FDC9 /* AppDelegate.swift */,
				6B9BF4831F55C5980074FDC9 /* ViewController.swift */,
				6B9BF4961F55C6650074FDC9 /* CTView.swift */,
				6B9BF4A31F55D0AF0074FDC9 /* CTColumnView.swift */,
				6B9BF4A51F55D1210074FDC9 /* CTSettings.swift */,
				6B9BF4A11F55C9670074FDC9 /* MarkupParser.swift */,
				6B9BF4851F55C5980074FDC9 /* Main.storyboard */,
				6B9BF48A1F55C5980074FDC9 /* LaunchScreen.storyboard */,
				6B9BF4881F55C5980074FDC9 /* Assets.xcassets */,
				6B9BF48D1F55C5980074FDC9 /* Info.plist */,
			);
			path = CoreTextMagazine;
			sourceTree = "<group>";
		};
		6B9BF4931F55C5BA0074FDC9 /* Frameworks */ = {
			isa = PBXGroup;
			children = (
				6B9BF4941F55C5BA0074FDC9 /* CoreText.framework */,
			);
			name = Frameworks;
			sourceTree = "<group>";
		};
		6B9BF4981F55C9360074FDC9 /* zombieMagMaterials */ = {
			isa = PBXGroup;
			children = (
				6B9BF4991F55C9360074FDC9 /* zombie1.jpg */,
				6B9BF49A1F55C9360074FDC9 /* zombie2.jpg */,
				6B9BF49B1F55C9360074FDC9 /* zombie3.jpg */,
				6B9BF49C1F55C9360074FDC9 /* zombies.txt */,
			);
			path = zombieMagMaterials;
			sourceTree = "<group>";
		};
/* End PBXGroup section */

/* Begin PBXNativeTarget section */
		6B9BF47D1F55C5980074FDC9 /* CoreTextMagazine */ = {
			isa = PBXNativeTarget;
			buildConfigurationList = 6B9BF4901F55C5980074FDC9 /* Build configuration list for PBXNativeTarget "CoreTextMagazine" */;
			buildPhases = (
				6B9BF47A1F55C5980074FDC9 /* Sources */,
				6B9BF47B1F55C5980074FDC9 /* Frameworks */,
				6B9BF47C1F55C5980074FDC9 /* Resources */,
			);
			buildRules = (
			);
			dependencies = (
			);
			name = CoreTextMagazine;
			productName = CoreTextMagazine;
			productReference = 6B9BF47E1F55C5980074FDC9 /* CoreTextMagazine.app */;
			productType = "com.apple.product-type.application";
		};
/* End PBXNativeTarget section */

/* Begin PBXProject section */
		6B9BF4761F55C5980074FDC9 /* Project object */ = {
			isa = PBXProject;
			attributes = {
				LastSwiftUpdateCheck = 0830;
				LastUpgradeCheck = 0830;
				ORGANIZATIONNAME = "Dang Quoc Huy";
				TargetAttributes = {
					6B9BF47D1F55C5980074FDC9 = {
						CreatedOnToolsVersion = 8.3.3;
						DevelopmentTeam = 8KDJ9PT669;
						ProvisioningStyle = Automatic;
					};
				};
			};
			buildConfigurationList = 6B9BF4791F55C5980074FDC9 /* Build configuration list for PBXProject "CoreTextMagazine" */;
			compatibilityVersion = "Xcode 3.2";
			developmentRegion = English;
			hasScannedForEncodings = 0;
			knownRegions = (
				en,
				Base,
			);
			mainGroup = 6B9BF4751F55C5980074FDC9;
			productRefGroup = 6B9BF47F1F55C5980074FDC9 /* Products */;
			projectDirPath = "";
			projectRoot = "";
			targets = (
				6B9BF47D1F55C5980074FDC9 /* CoreTextMagazine */,
			);
		};
/* End PBXProject section */

/* Begin PBXResourcesBuildPhase section */
		6B9BF47C1F55C5980074FDC9 /* Resources */ = {
			isa = PBXResourcesBuildPhase;
			buildActionMask = 2147483647;
			files = (
				6B9BF48C1F55C5980074FDC9 /* LaunchScreen.storyboard in Resources */,
				6B9BF49F1F55C9360074FDC9 /* zombie3.jpg in Resources */,
				6B9BF49D1F55C9360074FDC9 /* zombie1.jpg in Resources */,
				6B9BF4891F55C5980074FDC9 /* Assets.xcassets in Resources */,
				6B9BF49E1F55C9360074FDC9 /* zombie2.jpg in Resources */,
				6B9BF4A01F55C9360074FDC9 /* zombies.txt in Resources */,
				6B9BF4871F55C5980074FDC9 /* Main.storyboard in Resources */,
			);
			runOnlyForDeploymentPostprocessing = 0;
		};
/* End PBXResourcesBuildPhase section */

/* Begin PBXSourcesBuildPhase section */
		6B9BF47A1F55C5980074FDC9 /* Sources */ = {
			isa = PBXSourcesBuildPhase;
			buildActionMask = 2147483647;
			files = (
				6B9BF4841F55C5980074FDC9 /* ViewController.swift in Sources */,
				6B9BF4971F55C6650074FDC9 /* CTView.swift in Sources */,
				6B9BF4A21F55C9670074FDC9 /* MarkupParser.swift in Sources */,
				6B9BF4A61F55D1210074FDC9 /* CTSettings.swift in Sources */,
				6B9BF4821F55C5980074FDC9 /* AppDelegate.swift in Sources */,
				6B9BF4A41F55D0AF0074FDC9 /* CTColumnView.swift in Sources */,
			);
			runOnlyForDeploymentPostprocessing = 0;
		};
/* End PBXSourcesBuildPhase section */

/* Begin PBXVariantGroup section */
		6B9BF4851F55C5980074FDC9 /* Main.storyboard */ = {
			isa = PBXVariantGroup;
			children = (
				6B9BF4861F55C5980074FDC9 /* Base */,
			);
			name = Main.storyboard;
			sourceTree = "<group>";
		};
		6B9BF48A1F55C5980074FDC9 /* LaunchScreen.storyboard */ = {
			isa = PBXVariantGroup;
			children = (
				6B9BF48B1F55C5980074FDC9 /* Base */,
			);
			name = LaunchScreen.storyboard;
			sourceTree = "<group>";
		};
/* End PBXVariantGroup section */

/* Begin XCBuildConfiguration section */
		6B9BF48E1F55C5980074FDC9 /* Debug */ = {
			isa = XCBuildConfiguration;
			buildSettings = {
				ALWAYS_SEARCH_USER_PATHS = NO;
				CLANG_ANALYZER_NONNULL = YES;
				CLANG_ANALYZER_NUMBER_OBJECT_CONVERSION = YES_AGGRESSIVE;
				CLANG_CXX_LANGUAGE_STANDARD = "gnu++0x";
				CLANG_CXX_LIBRARY = "libc++";
				CLANG_ENABLE_MODULES = YES;
				CLANG_ENABLE_OBJC_ARC = YES;
				CLANG_WARN_BOOL_CONVERSION = YES;
				CLANG_WARN_CONSTANT_CONVERSION = YES;
				CLANG_WARN_DIRECT_OBJC_ISA_USAGE = YES_ERROR;
				CLANG_WARN_DOCUMENTATION_COMMENTS = YES;
				CLANG_WARN_EMPTY_BODY = YES;
				CLANG_WARN_ENUM_CONVERSION = YES;
				CLANG_WARN_INFINITE_RECURSION = YES;
				CLANG_WARN_INT_CONVERSION = YES;
				CLANG_WARN_OBJC_ROOT_CLASS = YES_ERROR;
				CLANG_WARN_SUSPICIOUS_MOVE = YES;
				CLANG_WARN_UNREACHABLE_CODE = YES;
				CLANG_WARN__DUPLICATE_METHOD_MATCH = YES;
				"CODE_SIGN_IDENTITY[sdk=iphoneos*]" = "iPhone Developer";
				COPY_PHASE_STRIP = NO;
				DEBUG_INFORMATION_FORMAT = dwarf;
				ENABLE_STRICT_OBJC_MSGSEND = YES;
				ENABLE_TESTABILITY = YES;
				GCC_C_LANGUAGE_STANDARD = gnu99;
				GCC_DYNAMIC_NO_PIC = NO;
				GCC_NO_COMMON_BLOCKS = YES;
				GCC_OPTIMIZATION_LEVEL = 0;
				GCC_PREPROCESSOR_DEFINITIONS = (
					"DEBUG=1",
					"$(inherited)",
				);
				GCC_WARN_64_TO_32_BIT_CONVERSION = YES;
				GCC_WARN_ABOUT_RETURN_TYPE = YES_ERROR;
				GCC_WARN_UNDECLARED_SELECTOR = YES;
				GCC_WARN_UNINITIALIZED_AUTOS = YES_AGGRESSIVE;
				GCC_WARN_UNUSED_FUNCTION = YES;
				GCC_WARN_UNUSED_VARIABLE = YES;
				IPHONEOS_DEPLOYMENT_TARGET = 10.3;
				MTL_ENABLE_DEBUG_INFO = YES;
				ONLY_ACTIVE_ARCH = YES;
				SDKROOT = iphoneos;
				SWIFT_ACTIVE_COMPILATION_CONDITIONS = DEBUG;
				SWIFT_OPTIMIZATION_LEVEL = "-Onone";
				TARGETED_DEVICE_FAMILY = "1,2";
			};
			name = Debug;
		};
		6B9BF48F1F55C5980074FDC9 /* Release */ = {
			isa = XCBuildConfiguration;
			buildSettings = {
				ALWAYS_SEARCH_USER_PATHS = NO;
				CLANG_ANALYZER_NONNULL = YES;
				CLANG_ANALYZER_NUMBER_OBJECT_CONVERSION = YES_AGGRESSIVE;
				CLANG_CXX_LANGUAGE_STANDARD = "gnu++0x";
				CLANG_CXX_LIBRARY = "libc++";
				CLANG_ENABLE_MODULES = YES;
				CLANG_ENABLE_OBJC_ARC = YES;
				CLANG_WARN_BOOL_CONVERSION = YES;
				CLANG_WARN_CONSTANT_CONVERSION = YES;
				CLANG_WARN_DIRECT_OBJC_ISA_USAGE = YES_ERROR;
				CLANG_WARN_DOCUMENTATION_COMMENTS = YES;
				CLANG_WARN_EMPTY_BODY = YES;
				CLANG_WARN_ENUM_CONVERSION = YES;
				CLANG_WARN_INFINITE_RECURSION = YES;
				CLANG_WARN_INT_CONVERSION = YES;
				CLANG_WARN_OBJC_ROOT_CLASS = YES_ERROR;
				CLANG_WARN_SUSPICIOUS_MOVE = YES;
				CLANG_WARN_UNREACHABLE_CODE = YES;
				CLANG_WARN__DUPLICATE_METHOD_MATCH = YES;
				"CODE_SIGN_IDENTITY[sdk=iphoneos*]" = "iPhone Developer";
				COPY_PHASE_STRIP = NO;
				DEBUG_INFORMATION_FORMAT = "dwarf-with-dsym";
				ENABLE_NS_ASSERTIONS = NO;
				ENABLE_STRICT_OBJC_MSGSEND = YES;
				GCC_C_LANGUAGE_STANDARD = gnu99;
				GCC_NO_COMMON_BLOCKS = YES;
				GCC_WARN_64_TO_32_BIT_CONVERSION = YES;
				GCC_WARN_ABOUT_RETURN_TYPE = YES_ERROR;
				GCC_WARN_UNDECLARED_SELECTOR = YES;
				GCC_WARN_UNINITIALIZED_AUTOS = YES_AGGRESSIVE;
				GCC_WARN_UNUSED_FUNCTION = YES;
				GCC_WARN_UNUSED_VARIABLE = YES;
				IPHONEOS_DEPLOYMENT_TARGET = 10.3;
				MTL_ENABLE_DEBUG_INFO = NO;
				SDKROOT = iphoneos;
				SWIFT_OPTIMIZATION_LEVEL = "-Owholemodule";
				TARGETED_DEVICE_FAMILY = "1,2";
				VALIDATE_PRODUCT = YES;
			};
			name = Release;
		};
		6B9BF4911F55C5980074FDC9 /* Debug */ = {
			isa = XCBuildConfiguration;
			buildSettings = {
				ASSETCATALOG_COMPILER_APPICON_NAME = AppIcon;
				DEVELOPMENT_TEAM = 8KDJ9PT669;
				INFOPLIST_FILE = CoreTextMagazine/Info.plist;
				LD_RUNPATH_SEARCH_PATHS = "$(inherited) @executable_path/Frameworks";
				PRODUCT_BUNDLE_IDENTIFIER = huy.dang.quoc.CoreTextMagazine;
				PRODUCT_NAME = "$(TARGET_NAME)";
				SWIFT_VERSION = 3.0;
			};
			name = Debug;
		};
		6B9BF4921F55C5980074FDC9 /* Release */ = {
			isa = XCBuildConfiguration;
			buildSettings = {
				ASSETCATALOG_COMPILER_APPICON_NAME = AppIcon;
				DEVELOPMENT_TEAM = 8KDJ9PT669;
				INFOPLIST_FILE = CoreTextMagazine/Info.plist;
				LD_RUNPATH_SEARCH_PATHS = "$(inherited) @executable_path/Frameworks";
				PRODUCT_BUNDLE_IDENTIFIER = huy.dang.quoc.CoreTextMagazine;
				PRODUCT_NAME = "$(TARGET_NAME)";
				SWIFT_VERSION = 3.0;
			};
			name = Release;
		};
/* End XCBuildConfiguration section */

/* Begin XCConfigurationList section */
		6B9BF4791F55C5980074FDC9 /* Build configuration list for PBXProject "CoreTextMagazine" */ = {
			isa = XCConfigurationList;
			buildConfigurations = (
				6B9BF48E1F55C5980074FDC9 /* Debug */,
				6B9BF48F1F55C5980074FDC9 /* Release */,
			);
			defaultConfigurationIsVisible = 0;
			defaultConfigurationName = Release;
		};
		6B9BF4901F55C5980074FDC9 /* Build configuration list for PBXNativeTarget "CoreTextMagazine" */ = {
			isa = XCConfigurationList;
			buildConfigurations = (
				6B9BF4911F55C5980074FDC9 /* Debug */,
				6B9BF4921F55C5980074FDC9 /* Release */,
			);
			defaultConfigurationIsVisible = 0;
		};
/* End XCConfigurationList section */
	};
	rootObject = 6B9BF4761F55C5980074FDC9 /* Project object */;
}
